
Microsoft Visual Studio Solution File, Format Version 12.00
# Visual Studio 2013
VisualStudioVersion = 12.0.21005.1
MinimumVisualStudioVersion = 10.0.40219.1
Project("{2150E333-8FDC-42A3-9474-1A3956D46DE8}") = "Mediator_Factory", "Mediator_Factory", "{171E67A7-2E59-4B9C-870D-316C74D5D6F2}"
EndProject
Project("{FAE04EC0-301F-11D3-BF4B-00C04F79EFBC}") = "FileSystemServices", "Mediator_Factory\FileSystemServices\FileSystemServices.csproj", "{9AA94245-F003-4959-9973-32BE7203434C}"
EndProject
Project("{FAE04EC0-301F-11D3-BF4B-00C04F79EFBC}") = "MediatorSample", "Mediator_Factory\MediatorSample\MediatorSample.csproj", "{EECC8E95-6F99-4BAF-BDB1-AEBE21564550}"
EndProject
Project("{FAE04EC0-301F-11D3-BF4B-00C04F79EFBC}") = "MVVM_Helper", "Mediator_Factory\MVVMHelper\MVVM_Helper.csproj", "{92A71D19-F6AE-47CC-9E23-D65BCBB03F8A}"
EndProject
Project("{2150E333-8FDC-42A3-9474-1A3956D46DE8}") = "Mediator_SQLServer", "Mediator_SQLServer", "{34645975-9443-431E-9C47-908010C9FDE5}"
EndProject
Project("{FAE04EC0-301F-11D3-BF4B-00C04F79EFBC}") = "WPFDisciplesSampleApp", "Mediator_SQLServer\WPFDisciplesSampleApp\WPFDisciplesSampleApp.csproj", "{0B9584AE-D054-4874-99BE-92D7B3D31AEC}"
EndProject
Project("{FAE04EC0-301F-11D3-BF4B-00C04F79EFBC}") = "AttachedCommandBehavior", "Mediator_SQLServer\AttachedCommandBehavior\AttachedCommandBehavior.csproj", "{BA852758-6682-4878-906A-917A1E75DE16}"
EndProject
Project("{2150E333-8FDC-42A3-9474-1A3956D46DE8}") = "LoadXML_Mediator", "LoadXML_Mediator", "{38FA0A59-D80D-4999-B8EC-B97705F40B50}"
EndProject
Project("{2150E333-8FDC-42A3-9474-1A3956D46DE8}") = "MVVM_MVC", "MVVM_MVC", "{A6029E78-69BB-4AB7-B3ED-AF5E23A3C4A7}"
EndProject
Project("{FAE04EC0-301F-11D3-BF4B-00C04F79EFBC}") = "MVC_WPF_FileSystem", "MVVM_MVC\MVC_WPF_FileSystem\MVC_WPF_FileSystem.csproj", "{313152A3-DDB0-40D4-BC43-A700A423FEDC}"
EndProject
Project("{FAE04EC0-301F-11D3-BF4B-00C04F79EFBC}") = "MVC_WPF_Search", "MVVM_MVC\MVC_WPF_Search\MVC_WPF_Search.csproj", "{E1F5E6A8-4AA8-4CC0-9540-F9585F5488FA}"
EndProject
Project("{2150E333-8FDC-42A3-9474-1A3956D46DE8}") = "LoadXML_AttachedP", "LoadXML_AttachedP", "{EE94B5FE-BBE3-41AA-A577-02ED439795B2}"
EndProject
Project("{FAE04EC0-301F-11D3-BF4B-00C04F79EFBC}") = "LoadXML.ByAttachedP", "LoadXML_AttachedP\LoadXML.ByAttachedP.csproj", "{8EC3247F-75C9-49ED-AB85-5D4C09FEF1A9}"
EndProject
Project("{FAE04EC0-301F-11D3-BF4B-00C04F79EFBC}") = "Mediator_BugOnLoad", "LoadXML_Mediator\Mediator_Bug_Load\Mediator_BugOnLoad.csproj", "{B0BBD740-36DB-4C36-B14C-DDAE28604A34}"
EndProject
Project("{FAE04EC0-301F-11D3-BF4B-00C04F79EFBC}") = "Mediator_GoodLoad", "LoadXML_Mediator\Mediator_LoadXML\Mediator_GoodLoad.csproj", "{610635AF-78C7-46BF-8FA5-A1C5EC30339D}"
EndProject
Global
	GlobalSection(SolutionConfigurationPlatforms) = preSolution
		Debug|Any CPU = Debug|Any CPU
		Full|Any CPU = Full|Any CPU
		Incremental|Any CPU = Incremental|Any CPU
		JustRun|Any CPU = JustRun|Any CPU
		Release|Any CPU = Release|Any CPU
	EndGlobalSection
	GlobalSection(ProjectConfigurationPlatforms) = postSolution
		{9AA94245-F003-4959-9973-32BE7203434C}.Debug|Any CPU.ActiveCfg = Debug|Any CPU
		{9AA94245-F003-4959-9973-32BE7203434C}.Debug|Any CPU.Build.0 = Debug|Any CPU
		{9AA94245-F003-4959-9973-32BE7203434C}.Full|Any CPU.ActiveCfg = Release|Any CPU
		{9AA94245-F003-4959-9973-32BE7203434C}.Full|Any CPU.Build.0 = Release|Any CPU
		{9AA94245-F003-4959-9973-32BE7203434C}.Incremental|Any CPU.ActiveCfg = Release|Any CPU
		{9AA94245-F003-4959-9973-32BE7203434C}.Incremental|Any CPU.Build.0 = Release|Any CPU
		{9AA94245-F003-4959-9973-32BE7203434C}.JustRun|Any CPU.ActiveCfg = Release|Any CPU
		{9AA94245-F003-4959-9973-32BE7203434C}.JustRun|Any CPU.Build.0 = Release|Any CPU
		{9AA94245-F003-4959-9973-32BE7203434C}.Release|Any CPU.ActiveCfg = Release|Any CPU
		{9AA94245-F003-4959-9973-32BE7203434C}.Release|Any CPU.Build.0 = Release|Any CPU
		{EECC8E95-6F99-4BAF-BDB1-AEBE21564550}.Debug|Any CPU.ActiveCfg = Debug|Any CPU
		{EECC8E95-6F99-4BAF-BDB1-AEBE21564550}.Debug|Any CPU.Build.0 = Debug|Any CPU
		{EECC8E95-6F99-4BAF-BDB1-AEBE21564550}.Full|Any CPU.ActiveCfg = Release|Any CPU
		{EECC8E95-6F99-4BAF-BDB1-AEBE21564550}.Full|Any CPU.Build.0 = Release|Any CPU
		{EECC8E95-6F99-4BAF-BDB1-AEBE21564550}.Incremental|Any CPU.ActiveCfg = Release|Any CPU
		{EECC8E95-6F99-4BAF-BDB1-AEBE21564550}.Incremental|Any CPU.Build.0 = Release|Any CPU
		{EECC8E95-6F99-4BAF-BDB1-AEBE21564550}.JustRun|Any CPU.ActiveCfg = Release|Any CPU
		{EECC8E95-6F99-4BAF-BDB1-AEBE21564550}.JustRun|Any CPU.Build.0 = Release|Any CPU
		{EECC8E95-6F99-4BAF-BDB1-AEBE21564550}.Release|Any CPU.ActiveCfg = Release|Any CPU
		{EECC8E95-6F99-4BAF-BDB1-AEBE21564550}.Release|Any CPU.Build.0 = Release|Any CPU
		{92A71D19-F6AE-47CC-9E23-D65BCBB03F8A}.Debug|Any CPU.ActiveCfg = Debug|Any CPU
		{92A71D19-F6AE-47CC-9E23-D65BCBB03F8A}.Debug|Any CPU.Build.0 = Debug|Any CPU
		{92A71D19-F6AE-47CC-9E23-D65BCBB03F8A}.Full|Any CPU.ActiveCfg = Full|Any CPU
		{92A71D19-F6AE-47CC-9E23-D65BCBB03F8A}.Full|Any CPU.Build.0 = Full|Any CPU
		{92A71D19-F6AE-47CC-9E23-D65BCBB03F8A}.Incremental|Any CPU.ActiveCfg = Incremental|Any CPU
		{92A71D19-F6AE-47CC-9E23-D65BCBB03F8A}.Incremental|Any CPU.Build.0 = Incremental|Any CPU
		{92A71D19-F6AE-47CC-9E23-D65BCBB03F8A}.JustRun|Any CPU.ActiveCfg = JustRun|Any CPU
		{92A71D19-F6AE-47CC-9E23-D65BCBB03F8A}.JustRun|Any CPU.Build.0 = JustRun|Any CPU
		{92A71D19-F6AE-47CC-9E23-D65BCBB03F8A}.Release|Any CPU.ActiveCfg = Release|Any CPU
		{92A71D19-F6AE-47CC-9E23-D65BCBB03F8A}.Release|Any CPU.Build.0 = Release|Any CPU
		{0B9584AE-D054-4874-99BE-92D7B3D31AEC}.Debug|Any CPU.ActiveCfg = Debug|Any CPU
		{0B9584AE-D054-4874-99BE-92D7B3D31AEC}.Debug|Any CPU.Build.0 = Debug|Any CPU
		{0B9584AE-D054-4874-99BE-92D7B3D31AEC}.Full|Any CPU.ActiveCfg = Release|Any CPU
		{0B9584AE-D054-4874-99BE-92D7B3D31AEC}.Full|Any CPU.Build.0 = Release|Any CPU
		{0B9584AE-D054-4874-99BE-92D7B3D31AEC}.Incremental|Any CPU.ActiveCfg = Release|Any CPU
		{0B9584AE-D054-4874-99BE-92D7B3D31AEC}.Incremental|Any CPU.Build.0 = Release|Any CPU
		{0B9584AE-D054-4874-99BE-92D7B3D31AEC}.JustRun|Any CPU.ActiveCfg = Release|Any CPU
		{0B9584AE-D054-4874-99BE-92D7B3D31AEC}.JustRun|Any CPU.Build.0 = Release|Any CPU
		{0B9584AE-D054-4874-99BE-92D7B3D31AEC}.Release|Any CPU.ActiveCfg = Release|Any CPU
		{0B9584AE-D054-4874-99BE-92D7B3D31AEC}.Release|Any CPU.Build.0 = Release|Any CPU
		{BA852758-6682-4878-906A-917A1E75DE16}.Debug|Any CPU.ActiveCfg = Debug|Any CPU
		{BA852758-6682-4878-906A-917A1E75DE16}.Debug|Any CPU.Build.0 = Debug|Any CPU
		{BA852758-6682-4878-906A-917A1E75DE16}.Full|Any CPU.ActiveCfg = Release|Any CPU
		{BA852758-6682-4878-906A-917A1E75DE16}.Full|Any CPU.Build.0 = Release|Any CPU
		{BA852758-6682-4878-906A-917A1E75DE16}.Incremental|Any CPU.ActiveCfg = Release|Any CPU
		{BA852758-6682-4878-906A-917A1E75DE16}.Incremental|Any CPU.Build.0 = Release|Any CPU
		{BA852758-6682-4878-906A-917A1E75DE16}.JustRun|Any CPU.ActiveCfg = Release|Any CPU
		{BA852758-6682-4878-906A-917A1E75DE16}.JustRun|Any CPU.Build.0 = Release|Any CPU
		{BA852758-6682-4878-906A-917A1E75DE16}.Release|Any CPU.ActiveCfg = Release|Any CPU
		{BA852758-6682-4878-906A-917A1E75DE16}.Release|Any CPU.Build.0 = Release|Any CPU
		{313152A3-DDB0-40D4-BC43-A700A423FEDC}.Debug|Any CPU.ActiveCfg = Debug|Any CPU
		{313152A3-DDB0-40D4-BC43-A700A423FEDC}.Debug|Any CPU.Build.0 = Debug|Any CPU
		{313152A3-DDB0-40D4-BC43-A700A423FEDC}.Full|Any CPU.ActiveCfg = Release|Any CPU
		{313152A3-DDB0-40D4-BC43-A700A423FEDC}.Full|Any CPU.Build.0 = Release|Any CPU
		{313152A3-DDB0-40D4-BC43-A700A423FEDC}.Incremental|Any CPU.ActiveCfg = Release|Any CPU
		{313152A3-DDB0-40D4-BC43-A700A423FEDC}.Incremental|Any CPU.Build.0 = Release|Any CPU
		{313152A3-DDB0-40D4-BC43-A700A423FEDC}.JustRun|Any CPU.ActiveCfg = Release|Any CPU
		{313152A3-DDB0-40D4-BC43-A700A423FEDC}.JustRun|Any CPU.Build.0 = Release|Any CPU
		{313152A3-DDB0-40D4-BC43-A700A423FEDC}.Release|Any CPU.ActiveCfg = Release|Any CPU
		{313152A3-DDB0-40D4-BC43-A700A423FEDC}.Release|Any CPU.Build.0 = Release|Any CPU
		{E1F5E6A8-4AA8-4CC0-9540-F9585F5488FA}.Debug|Any CPU.ActiveCfg = Debug|Any CPU
		{E1F5E6A8-4AA8-4CC0-9540-F9585F5488FA}.Debug|Any CPU.Build.0 = Debug|Any CPU
		{E1F5E6A8-4AA8-4CC0-9540-F9585F5488FA}.Full|Any CPU.ActiveCfg = Release|Any CPU
		{E1F5E6A8-4AA8-4CC0-9540-F9585F5488FA}.Full|Any CPU.Build.0 = Release|Any CPU
		{E1F5E6A8-4AA8-4CC0-9540-F9585F5488FA}.Incremental|Any CPU.ActiveCfg = Release|Any CPU
		{E1F5E6A8-4AA8-4CC0-9540-F9585F5488FA}.Incremental|Any CPU.Build.0 = Release|Any CPU
		{E1F5E6A8-4AA8-4CC0-9540-F9585F5488FA}.JustRun|Any CPU.ActiveCfg = Release|Any CPU
		{E1F5E6A8-4AA8-4CC0-9540-F9585F5488FA}.JustRun|Any CPU.Build.0 = Release|Any CPU
		{E1F5E6A8-4AA8-4CC0-9540-F9585F5488FA}.Release|Any CPU.ActiveCfg = Release|Any CPU
		{E1F5E6A8-4AA8-4CC0-9540-F9585F5488FA}.Release|Any CPU.Build.0 = Release|Any CPU
		{8EC3247F-75C9-49ED-AB85-5D4C09FEF1A9}.Debug|Any CPU.ActiveCfg = Debug|Any CPU
		{8EC3247F-75C9-49ED-AB85-5D4C09FEF1A9}.Debug|Any CPU.Build.0 = Debug|Any CPU
		{8EC3247F-75C9-49ED-AB85-5D4C09FEF1A9}.Full|Any CPU.ActiveCfg = Release|Any CPU
		{8EC3247F-75C9-49ED-AB85-5D4C09FEF1A9}.Full|Any CPU.Build.0 = Release|Any CPU
		{8EC3247F-75C9-49ED-AB85-5D4C09FEF1A9}.Incremental|Any CPU.ActiveCfg = Release|Any CPU
		{8EC3247F-75C9-49ED-AB85-5D4C09FEF1A9}.Incremental|Any CPU.Build.0 = Release|Any CPU
		{8EC3247F-75C9-49ED-AB85-5D4C09FEF1A9}.JustRun|Any CPU.ActiveCfg = Release|Any CPU
		{8EC3247F-75C9-49ED-AB85-5D4C09FEF1A9}.JustRun|Any CPU.Build.0 = Release|Any CPU
		{8EC3247F-75C9-49ED-AB85-5D4C09FEF1A9}.Release|Any CPU.ActiveCfg = Release|Any CPU
		{8EC3247F-75C9-49ED-AB85-5D4C09FEF1A9}.Release|Any CPU.Build.0 = Release|Any CPU
		{B0BBD740-36DB-4C36-B14C-DDAE28604A34}.Debug|Any CPU.ActiveCfg = Debug|Any CPU
		{B0BBD740-36DB-4C36-B14C-DDAE28604A34}.Debug|Any CPU.Build.0 = Debug|Any CPU
		{B0BBD740-36DB-4C36-B14C-DDAE28604A34}.Full|Any CPU.ActiveCfg = Release|Any CPU
		{B0BBD740-36DB-4C36-B14C-DDAE28604A34}.Full|Any CPU.Build.0 = Release|Any CPU
		{B0BBD740-36DB-4C36-B14C-DDAE28604A34}.Incremental|Any CPU.ActiveCfg = Release|Any CPU
		{B0BBD740-36DB-4C36-B14C-DDAE28604A34}.Incremental|Any CPU.Build.0 = Release|Any CPU
		{B0BBD740-36DB-4C36-B14C-DDAE28604A34}.JustRun|Any CPU.ActiveCfg = Release|Any CPU
		{B0BBD740-36DB-4C36-B14C-DDAE28604A34}.JustRun|Any CPU.Build.0 = Release|Any CPU
		{B0BBD740-36DB-4C36-B14C-DDAE28604A34}.Release|Any CPU.ActiveCfg = Release|Any CPU
		{B0BBD740-36DB-4C36-B14C-DDAE28604A34}.Release|Any CPU.Build.0 = Release|Any CPU
		{610635AF-78C7-46BF-8FA5-A1C5EC30339D}.Debug|Any CPU.ActiveCfg = Debug|Any CPU
		{610635AF-78C7-46BF-8FA5-A1C5EC30339D}.Debug|Any CPU.Build.0 = Debug|Any CPU
		{610635AF-78C7-46BF-8FA5-A1C5EC30339D}.Full|Any CPU.ActiveCfg = Release|Any CPU
		{610635AF-78C7-46BF-8FA5-A1C5EC30339D}.Full|Any CPU.Build.0 = Release|Any CPU
		{610635AF-78C7-46BF-8FA5-A1C5EC30339D}.Incremental|Any CPU.ActiveCfg = Release|Any CPU
		{610635AF-78C7-46BF-8FA5-A1C5EC30339D}.Incremental|Any CPU.Build.0 = Release|Any CPU
		{610635AF-78C7-46BF-8FA5-A1C5EC30339D}.JustRun|Any CPU.ActiveCfg = Release|Any CPU
		{610635AF-78C7-46BF-8FA5-A1C5EC30339D}.JustRun|Any CPU.Build.0 = Release|Any CPU
		{610635AF-78C7-46BF-8FA5-A1C5EC30339D}.Release|Any CPU.ActiveCfg = Release|Any CPU
		{610635AF-78C7-46BF-8FA5-A1C5EC30339D}.Release|Any CPU.Build.0 = Release|Any CPU
	EndGlobalSection
	GlobalSection(SolutionProperties) = preSolution
		HideSolutionNode = FALSE
	EndGlobalSection
	GlobalSection(NestedProjects) = preSolution
		{9AA94245-F003-4959-9973-32BE7203434C} = {171E67A7-2E59-4B9C-870D-316C74D5D6F2}
		{EECC8E95-6F99-4BAF-BDB1-AEBE21564550} = {171E67A7-2E59-4B9C-870D-316C74D5D6F2}
		{92A71D19-F6AE-47CC-9E23-D65BCBB03F8A} = {171E67A7-2E59-4B9C-870D-316C74D5D6F2}
		{0B9584AE-D054-4874-99BE-92D7B3D31AEC} = {34645975-9443-431E-9C47-908010C9FDE5}
		{BA852758-6682-4878-906A-917A1E75DE16} = {34645975-9443-431E-9C47-908010C9FDE5}
		{B0BBD740-36DB-4C36-B14C-DDAE28604A34} = {38FA0A59-D80D-4999-B8EC-B97705F40B50}
		{610635AF-78C7-46BF-8FA5-A1C5EC30339D} = {38FA0A59-D80D-4999-B8EC-B97705F40B50}
		{313152A3-DDB0-40D4-BC43-A700A423FEDC} = {A6029E78-69BB-4AB7-B3ED-AF5E23A3C4A7}
		{E1F5E6A8-4AA8-4CC0-9540-F9585F5488FA} = {A6029E78-69BB-4AB7-B3ED-AF5E23A3C4A7}
		{8EC3247F-75C9-49ED-AB85-5D4C09FEF1A9} = {EE94B5FE-BBE3-41AA-A577-02ED439795B2}
	EndGlobalSection
EndGlobal
