
Microsoft Visual Studio Solution File, Format Version 12.00
# Visual Studio 2013
VisualStudioVersion = 12.0.21005.1
MinimumVisualStudioVersion = 10.0.40219.1
Project("{FAE04EC0-301F-11D3-BF4B-00C04F79EFBC}") = "UIAutomationController", "UIAutomationController\UIAutomationController.csproj", "{1E1E2E28-8CB2-44A4-818F-B2BF68EAFA62}"
EndProject
Project("{FAE04EC0-301F-11D3-BF4B-00C04F79EFBC}") = "UIAutomationTest", "UIAutomationTest\UIAutomationTest.csproj", "{00B6613A-0471-4AC8-9CCB-FC39E7D29D1F}"
EndProject
Global
	GlobalSection(SolutionConfigurationPlatforms) = preSolution
		Debug|Any CPU = Debug|Any CPU
		Release|Any CPU = Release|Any CPU
	EndGlobalSection
	GlobalSection(ProjectConfigurationPlatforms) = postSolution
		{1E1E2E28-8CB2-44A4-818F-B2BF68EAFA62}.Debug|Any CPU.ActiveCfg = Debug|Any CPU
		{1E1E2E28-8CB2-44A4-818F-B2BF68EAFA62}.Debug|Any CPU.Build.0 = Debug|Any CPU
		{1E1E2E28-8CB2-44A4-818F-B2BF68EAFA62}.Release|Any CPU.ActiveCfg = Release|Any CPU
		{1E1E2E28-8CB2-44A4-818F-B2BF68EAFA62}.Release|Any CPU.Build.0 = Release|Any CPU
		{00B6613A-0471-4AC8-9CCB-FC39E7D29D1F}.Debug|Any CPU.ActiveCfg = Debug|Any CPU
		{00B6613A-0471-4AC8-9CCB-FC39E7D29D1F}.Debug|Any CPU.Build.0 = Debug|Any CPU
		{00B6613A-0471-4AC8-9CCB-FC39E7D29D1F}.Release|Any CPU.ActiveCfg = Release|Any CPU
		{00B6613A-0471-4AC8-9CCB-FC39E7D29D1F}.Release|Any CPU.Build.0 = Release|Any CPU
	EndGlobalSection
	GlobalSection(SolutionProperties) = preSolution
		HideSolutionNode = FALSE
	EndGlobalSection
EndGlobal
